
Microsoft Visual Studio Solution File, Format Version 12.00
# Visual Studio 15
VisualStudioVersion = 15.0.27428.2002
MinimumVisualStudioVersion = 10.0.40219.1
Project("{888888A0-9F3D-457C-B088-3A5042F75D52}") = "GameBot", "GameBot.pyproj", "{903BF523-B43E-4617-A98E-2D99BF101CED}"
EndProject
Global
	GlobalSection(SolutionConfigurationPlatforms) = preSolution
		Debug|Any CPU = Debug|Any CPU
		Release|Any CPU = Release|Any CPU
	EndGlobalSection
	GlobalSection(ProjectConfigurationPlatforms) = postSolution
		{903BF523-B43E-4617-A98E-2D99BF101CED}.Debug|Any CPU.ActiveCfg = Debug|Any CPU
		{903BF523-B43E-4617-A98E-2D99BF101CED}.Release|Any CPU.ActiveCfg = Release|Any CPU
	EndGlobalSection
	GlobalSection(SolutionProperties) = preSolution
		HideSolutionNode = FALSE
	EndGlobalSection
	GlobalSection(ExtensibilityGlobals) = postSolution
		SolutionGuid = {F145790D-3B62-4B38-A23E-31E898B84BD7}
	EndGlobalSection
EndGlobal
